
Microsoft Visual Studio Solution File, Format Version 12.00
# Visual Studio Version 17
VisualStudioVersion = 17.10.35013.160
MinimumVisualStudioVersion = 10.0.40219.1
Project("{FAE04EC0-301F-11D3-BF4B-00C04F79EFBC}") = "Archipelago.TOEM", "Archipelago.TOEM\Archipelago.TOEM.csproj", "{46EF73C0-C9B4-4D07-A6E5-CD6570486A8F}"
EndProject
Global
	GlobalSection(SolutionConfigurationPlatforms) = preSolution
		Debug|Any CPU = Debug|Any CPU
		Release|Any CPU = Release|Any CPU
	EndGlobalSection
	GlobalSection(ProjectConfigurationPlatforms) = postSolution
		{46EF73C0-C9B4-4D07-A6E5-CD6570486A8F}.Debug|Any CPU.ActiveCfg = Debug|Any CPU
		{46EF73C0-C9B4-4D07-A6E5-CD6570486A8F}.Debug|Any CPU.Build.0 = Debug|Any CPU
		{46EF73C0-C9B4-4D07-A6E5-CD6570486A8F}.Release|Any CPU.ActiveCfg = Release|Any CPU
		{46EF73C0-C9B4-4D07-A6E5-CD6570486A8F}.Release|Any CPU.Build.0 = Release|Any CPU
	EndGlobalSection
	GlobalSection(SolutionProperties) = preSolution
		HideSolutionNode = FALSE
	EndGlobalSection
	GlobalSection(ExtensibilityGlobals) = postSolution
		SolutionGuid = {1B04D5EC-B9F0-4A80-9751-AC89A22F8C96}
	EndGlobalSection
EndGlobal
